
Microsoft Visual Studio Solution File, Format Version 12.00
# Visual Studio Version 16
VisualStudioVersion = 16.0.30503.244
MinimumVisualStudioVersion = 10.0.40219.1
Project("{FAE04EC0-301F-11D3-BF4B-00C04F79EFBC}") = "StockUpApp", "StockUpApp\StockUpApp.csproj", "{9EF26718-EF6C-4E90-A412-B72AC934FC6C}"
	ProjectSection(ProjectDependencies) = postProject
		{1A89DF09-05B9-4073-ADAE-25D9D1632288} = {1A89DF09-05B9-4073-ADAE-25D9D1632288}
	EndProjectSection
EndProject
Project("{9A19103F-16F7-4668-BE54-9A1E7A4F7556}") = "StockUpDAL", "StockUpDAL\StockUpDAL.csproj", "{1A89DF09-05B9-4073-ADAE-25D9D1632288}"
EndProject
Project("{9A19103F-16F7-4668-BE54-9A1E7A4F7556}") = "StockUpBL", "StockUpBL\StockUpBL.csproj", "{6E9AA46E-79BA-4991-BE6A-397D9B6EE51A}"
EndProject
Global
	GlobalSection(SolutionConfigurationPlatforms) = preSolution
		Debug|Any CPU = Debug|Any CPU
		Release|Any CPU = Release|Any CPU
	EndGlobalSection
	GlobalSection(ProjectConfigurationPlatforms) = postSolution
		{9EF26718-EF6C-4E90-A412-B72AC934FC6C}.Debug|Any CPU.ActiveCfg = Debug|Any CPU
		{9EF26718-EF6C-4E90-A412-B72AC934FC6C}.Debug|Any CPU.Build.0 = Debug|Any CPU
		{9EF26718-EF6C-4E90-A412-B72AC934FC6C}.Release|Any CPU.ActiveCfg = Release|Any CPU
		{9EF26718-EF6C-4E90-A412-B72AC934FC6C}.Release|Any CPU.Build.0 = Release|Any CPU
		{1A89DF09-05B9-4073-ADAE-25D9D1632288}.Debug|Any CPU.ActiveCfg = Debug|Any CPU
		{1A89DF09-05B9-4073-ADAE-25D9D1632288}.Debug|Any CPU.Build.0 = Debug|Any CPU
		{1A89DF09-05B9-4073-ADAE-25D9D1632288}.Release|Any CPU.ActiveCfg = Release|Any CPU
		{1A89DF09-05B9-4073-ADAE-25D9D1632288}.Release|Any CPU.Build.0 = Release|Any CPU
		{6E9AA46E-79BA-4991-BE6A-397D9B6EE51A}.Debug|Any CPU.ActiveCfg = Debug|Any CPU
		{6E9AA46E-79BA-4991-BE6A-397D9B6EE51A}.Debug|Any CPU.Build.0 = Debug|Any CPU
		{6E9AA46E-79BA-4991-BE6A-397D9B6EE51A}.Release|Any CPU.ActiveCfg = Release|Any CPU
		{6E9AA46E-79BA-4991-BE6A-397D9B6EE51A}.Release|Any CPU.Build.0 = Release|Any CPU
	EndGlobalSection
	GlobalSection(SolutionProperties) = preSolution
		HideSolutionNode = FALSE
	EndGlobalSection
	GlobalSection(ExtensibilityGlobals) = postSolution
		SolutionGuid = {DFAC7A66-A6CE-48F2-88EE-F56B807C9ED9}
	EndGlobalSection
EndGlobal
